
Microsoft Visual Studio Solution File, Format Version 12.00
# Visual Studio Version 17
VisualStudioVersion = 17.5.33530.505
MinimumVisualStudioVersion = 10.0.40219.1
Project("{FAE04EC0-301F-11D3-BF4B-00C04F79EFBC}") = "GitLabApp2", "GitLabApp2\GitLabApp2.csproj", "{0B9AE39D-6155-40CE-8D7E-657DC2396544}"
EndProject
Global
	GlobalSection(SolutionConfigurationPlatforms) = preSolution
		Debug|Any CPU = Debug|Any CPU
		Release|Any CPU = Release|Any CPU
	EndGlobalSection
	GlobalSection(ProjectConfigurationPlatforms) = postSolution
		{0B9AE39D-6155-40CE-8D7E-657DC2396544}.Debug|Any CPU.ActiveCfg = Debug|Any CPU
		{0B9AE39D-6155-40CE-8D7E-657DC2396544}.Debug|Any CPU.Build.0 = Debug|Any CPU
		{0B9AE39D-6155-40CE-8D7E-657DC2396544}.Release|Any CPU.ActiveCfg = Release|Any CPU
		{0B9AE39D-6155-40CE-8D7E-657DC2396544}.Release|Any CPU.Build.0 = Release|Any CPU
	EndGlobalSection
	GlobalSection(SolutionProperties) = preSolution
		HideSolutionNode = FALSE
	EndGlobalSection
	GlobalSection(ExtensibilityGlobals) = postSolution
		SolutionGuid = {BA84C8D5-36DA-4EB1-9507-D048B86B1917}
	EndGlobalSection
EndGlobal
